
Microsoft Visual Studio Solution File, Format Version 12.00
# Visual Studio Version 17
VisualStudioVersion = 17.1.32210.238
MinimumVisualStudioVersion = 10.0.40219.1
Project("{FAE04EC0-301F-11D3-BF4B-00C04F79EFBC}") = "TalesRunnerForm", "TalesRunnerForm.csproj", "{AF8EEF72-4D74-430E-BA1E-77CD6E3C408B}"
EndProject
Project("{FAE04EC0-301F-11D3-BF4B-00C04F79EFBC}") = "TRUnpack", "..\TRUnpack\TRUnpack.csproj", "{3EA37133-BDF1-4C4E-8EB6-0A29995837DE}"
EndProject
Project("{9A19103F-16F7-4668-BE54-9A1E7A4F7556}") = "ConsoleApp1", "..\ConsoleApp1\ConsoleApp1.csproj", "{485ADEF8-EA45-4816-A055-5EF77BD9DACA}"
EndProject
Project("{FAE04EC0-301F-11D3-BF4B-00C04F79EFBC}") = "TalesRunnerFormNew", "..\TalesRunnerFormNew\TalesRunnerFormNew.csproj", "{8109A1B8-52AF-4198-9807-67E3B0480FC9}"
EndProject
Project("{FAE04EC0-301F-11D3-BF4B-00C04F79EFBC}") = "TalrsRunnerFormSunnyUI", "..\TalrsRunnerFormSunnyUI\TalrsRunnerFormSunnyUI.csproj", "{6CE2A429-E712-4C31-9686-8F631B2E65E4}"
EndProject
Project("{FAE04EC0-301F-11D3-BF4B-00C04F79EFBC}") = "TRScriptToExcel", "..\TRtblavataritemdescToExcel\TRScriptToExcel.csproj", "{6A75B154-AD24-4F0B-933A-CD62134AD341}"
EndProject
Project("{FAE04EC0-301F-11D3-BF4B-00C04F79EFBC}") = "TRCryptoClassLibrary2", "..\TRCryptoClassLibrary2\TRCryptoClassLibrary2.csproj", "{F07F7089-F469-46AC-88D0-615C0A04F5EC}"
EndProject
Project("{9A19103F-16F7-4668-BE54-9A1E7A4F7556}") = "TRCryptoClassLibrary", "..\TRCryptoClassLibrary\TRCryptoClassLibrary.csproj", "{EEEC9176-862E-4374-887B-B411DF01755E}"
EndProject
Project("{9A19103F-16F7-4668-BE54-9A1E7A4F7556}") = "DllTest", "..\DllTest\DllTest.csproj", "{5D3E5111-FF9D-4A15-9781-E9507C34E893}"
EndProject
Project("{9A19103F-16F7-4668-BE54-9A1E7A4F7556}") = "TRTextProcessingClassLibrary", "..\TRTextProcessingClassLibrary\TRTextProcessingClassLibrary.csproj", "{3D326A3D-7E79-4D6B-83AA-B416EBA51168}"
EndProject
Project("{FAE04EC0-301F-11D3-BF4B-00C04F79EFBC}") = "TestApp2", "..\TestApp2\TestApp2.csproj", "{747860F4-B69B-4B40-BFB9-8F8F2EDC67D7}"
EndProject
Project("{9A19103F-16F7-4668-BE54-9A1E7A4F7556}") = "TestApp", "..\TestApp\TestApp.csproj", "{32BD64E0-CF96-4807-AC6C-617FB123EE3D}"
EndProject
Project("{FAE04EC0-301F-11D3-BF4B-00C04F79EFBC}") = "TRMapAnalyser", "..\TrMapAnalyser\TRMapAnalyser.csproj", "{95708237-1B99-464E-A78C-B047419CF504}"
EndProject
Global
	GlobalSection(SolutionConfigurationPlatforms) = preSolution
		Debug|Any CPU = Debug|Any CPU
		Debug|x64 = Debug|x64
		Debug|x86 = Debug|x86
		Release|Any CPU = Release|Any CPU
		Release|x64 = Release|x64
		Release|x86 = Release|x86
	EndGlobalSection
	GlobalSection(ProjectConfigurationPlatforms) = postSolution
		{AF8EEF72-4D74-430E-BA1E-77CD6E3C408B}.Debug|Any CPU.ActiveCfg = Debug|Any CPU
		{AF8EEF72-4D74-430E-BA1E-77CD6E3C408B}.Debug|Any CPU.Build.0 = Debug|Any CPU
		{AF8EEF72-4D74-430E-BA1E-77CD6E3C408B}.Debug|x64.ActiveCfg = Debug|x64
		{AF8EEF72-4D74-430E-BA1E-77CD6E3C408B}.Debug|x64.Build.0 = Debug|x64
		{AF8EEF72-4D74-430E-BA1E-77CD6E3C408B}.Debug|x86.ActiveCfg = Debug|x86
		{AF8EEF72-4D74-430E-BA1E-77CD6E3C408B}.Release|Any CPU.ActiveCfg = Release|Any CPU
		{AF8EEF72-4D74-430E-BA1E-77CD6E3C408B}.Release|Any CPU.Build.0 = Release|Any CPU
		{AF8EEF72-4D74-430E-BA1E-77CD6E3C408B}.Release|x64.ActiveCfg = Release|x64
		{AF8EEF72-4D74-430E-BA1E-77CD6E3C408B}.Release|x64.Build.0 = Release|x64
		{AF8EEF72-4D74-430E-BA1E-77CD6E3C408B}.Release|x86.ActiveCfg = Release|x86
		{AF8EEF72-4D74-430E-BA1E-77CD6E3C408B}.Release|x86.Build.0 = Release|x86
		{3EA37133-BDF1-4C4E-8EB6-0A29995837DE}.Debug|Any CPU.ActiveCfg = Release|Any CPU
		{3EA37133-BDF1-4C4E-8EB6-0A29995837DE}.Debug|Any CPU.Build.0 = Release|Any CPU
		{3EA37133-BDF1-4C4E-8EB6-0A29995837DE}.Debug|x64.ActiveCfg = Debug|x64
		{3EA37133-BDF1-4C4E-8EB6-0A29995837DE}.Debug|x64.Build.0 = Debug|x64
		{3EA37133-BDF1-4C4E-8EB6-0A29995837DE}.Debug|x86.ActiveCfg = Debug|x86
		{3EA37133-BDF1-4C4E-8EB6-0A29995837DE}.Debug|x86.Build.0 = Debug|x86
		{3EA37133-BDF1-4C4E-8EB6-0A29995837DE}.Release|Any CPU.ActiveCfg = Release|Any CPU
		{3EA37133-BDF1-4C4E-8EB6-0A29995837DE}.Release|Any CPU.Build.0 = Release|Any CPU
		{3EA37133-BDF1-4C4E-8EB6-0A29995837DE}.Release|x64.ActiveCfg = Release|x64
		{3EA37133-BDF1-4C4E-8EB6-0A29995837DE}.Release|x64.Build.0 = Release|x64
		{3EA37133-BDF1-4C4E-8EB6-0A29995837DE}.Release|x86.ActiveCfg = Release|x86
		{3EA37133-BDF1-4C4E-8EB6-0A29995837DE}.Release|x86.Build.0 = Release|x86
		{485ADEF8-EA45-4816-A055-5EF77BD9DACA}.Debug|Any CPU.ActiveCfg = Debug|Any CPU
		{485ADEF8-EA45-4816-A055-5EF77BD9DACA}.Debug|Any CPU.Build.0 = Debug|Any CPU
		{485ADEF8-EA45-4816-A055-5EF77BD9DACA}.Debug|x64.ActiveCfg = Debug|Any CPU
		{485ADEF8-EA45-4816-A055-5EF77BD9DACA}.Debug|x64.Build.0 = Debug|Any CPU
		{485ADEF8-EA45-4816-A055-5EF77BD9DACA}.Debug|x86.ActiveCfg = Debug|Any CPU
		{485ADEF8-EA45-4816-A055-5EF77BD9DACA}.Debug|x86.Build.0 = Debug|Any CPU
		{485ADEF8-EA45-4816-A055-5EF77BD9DACA}.Release|Any CPU.ActiveCfg = Release|Any CPU
		{485ADEF8-EA45-4816-A055-5EF77BD9DACA}.Release|Any CPU.Build.0 = Release|Any CPU
		{485ADEF8-EA45-4816-A055-5EF77BD9DACA}.Release|x64.ActiveCfg = Release|Any CPU
		{485ADEF8-EA45-4816-A055-5EF77BD9DACA}.Release|x64.Build.0 = Release|Any CPU
		{485ADEF8-EA45-4816-A055-5EF77BD9DACA}.Release|x86.ActiveCfg = Release|Any CPU
		{485ADEF8-EA45-4816-A055-5EF77BD9DACA}.Release|x86.Build.0 = Release|Any CPU
		{8109A1B8-52AF-4198-9807-67E3B0480FC9}.Debug|Any CPU.ActiveCfg = Debug|Any CPU
		{8109A1B8-52AF-4198-9807-67E3B0480FC9}.Debug|Any CPU.Build.0 = Debug|Any CPU
		{8109A1B8-52AF-4198-9807-67E3B0480FC9}.Debug|x64.ActiveCfg = Debug|Any CPU
		{8109A1B8-52AF-4198-9807-67E3B0480FC9}.Debug|x64.Build.0 = Debug|Any CPU
		{8109A1B8-52AF-4198-9807-67E3B0480FC9}.Debug|x86.ActiveCfg = Debug|Any CPU
		{8109A1B8-52AF-4198-9807-67E3B0480FC9}.Debug|x86.Build.0 = Debug|Any CPU
		{8109A1B8-52AF-4198-9807-67E3B0480FC9}.Release|Any CPU.ActiveCfg = Release|Any CPU
		{8109A1B8-52AF-4198-9807-67E3B0480FC9}.Release|Any CPU.Build.0 = Release|Any CPU
		{8109A1B8-52AF-4198-9807-67E3B0480FC9}.Release|x64.ActiveCfg = Release|Any CPU
		{8109A1B8-52AF-4198-9807-67E3B0480FC9}.Release|x64.Build.0 = Release|Any CPU
		{8109A1B8-52AF-4198-9807-67E3B0480FC9}.Release|x86.ActiveCfg = Release|Any CPU
		{8109A1B8-52AF-4198-9807-67E3B0480FC9}.Release|x86.Build.0 = Release|Any CPU
		{6CE2A429-E712-4C31-9686-8F631B2E65E4}.Debug|Any CPU.ActiveCfg = Debug|Any CPU
		{6CE2A429-E712-4C31-9686-8F631B2E65E4}.Debug|Any CPU.Build.0 = Debug|Any CPU
		{6CE2A429-E712-4C31-9686-8F631B2E65E4}.Debug|x64.ActiveCfg = Debug|Any CPU
		{6CE2A429-E712-4C31-9686-8F631B2E65E4}.Debug|x64.Build.0 = Debug|Any CPU
		{6CE2A429-E712-4C31-9686-8F631B2E65E4}.Debug|x86.ActiveCfg = Debug|Any CPU
		{6CE2A429-E712-4C31-9686-8F631B2E65E4}.Debug|x86.Build.0 = Debug|Any CPU
		{6CE2A429-E712-4C31-9686-8F631B2E65E4}.Release|Any CPU.ActiveCfg = Release|Any CPU
		{6CE2A429-E712-4C31-9686-8F631B2E65E4}.Release|Any CPU.Build.0 = Release|Any CPU
		{6CE2A429-E712-4C31-9686-8F631B2E65E4}.Release|x64.ActiveCfg = Release|Any CPU
		{6CE2A429-E712-4C31-9686-8F631B2E65E4}.Release|x64.Build.0 = Release|Any CPU
		{6CE2A429-E712-4C31-9686-8F631B2E65E4}.Release|x86.ActiveCfg = Release|Any CPU
		{6CE2A429-E712-4C31-9686-8F631B2E65E4}.Release|x86.Build.0 = Release|Any CPU
		{6A75B154-AD24-4F0B-933A-CD62134AD341}.Debug|Any CPU.ActiveCfg = Debug|Any CPU
		{6A75B154-AD24-4F0B-933A-CD62134AD341}.Debug|Any CPU.Build.0 = Debug|Any CPU
		{6A75B154-AD24-4F0B-933A-CD62134AD341}.Debug|x64.ActiveCfg = Debug|Any CPU
		{6A75B154-AD24-4F0B-933A-CD62134AD341}.Debug|x64.Build.0 = Debug|Any CPU
		{6A75B154-AD24-4F0B-933A-CD62134AD341}.Debug|x86.ActiveCfg = Debug|Any CPU
		{6A75B154-AD24-4F0B-933A-CD62134AD341}.Debug|x86.Build.0 = Debug|Any CPU
		{6A75B154-AD24-4F0B-933A-CD62134AD341}.Release|Any CPU.ActiveCfg = Release|Any CPU
		{6A75B154-AD24-4F0B-933A-CD62134AD341}.Release|Any CPU.Build.0 = Release|Any CPU
		{6A75B154-AD24-4F0B-933A-CD62134AD341}.Release|x64.ActiveCfg = Release|Any CPU
		{6A75B154-AD24-4F0B-933A-CD62134AD341}.Release|x64.Build.0 = Release|Any CPU
		{6A75B154-AD24-4F0B-933A-CD62134AD341}.Release|x86.ActiveCfg = Release|Any CPU
		{6A75B154-AD24-4F0B-933A-CD62134AD341}.Release|x86.Build.0 = Release|Any CPU
		{F07F7089-F469-46AC-88D0-615C0A04F5EC}.Debug|Any CPU.ActiveCfg = Debug|Any CPU
		{F07F7089-F469-46AC-88D0-615C0A04F5EC}.Debug|Any CPU.Build.0 = Debug|Any CPU
		{F07F7089-F469-46AC-88D0-615C0A04F5EC}.Debug|x64.ActiveCfg = Debug|Any CPU
		{F07F7089-F469-46AC-88D0-615C0A04F5EC}.Debug|x64.Build.0 = Debug|Any CPU
		{F07F7089-F469-46AC-88D0-615C0A04F5EC}.Debug|x86.ActiveCfg = Debug|Any CPU
		{F07F7089-F469-46AC-88D0-615C0A04F5EC}.Debug|x86.Build.0 = Debug|Any CPU
		{F07F7089-F469-46AC-88D0-615C0A04F5EC}.Release|Any CPU.ActiveCfg = Release|Any CPU
		{F07F7089-F469-46AC-88D0-615C0A04F5EC}.Release|Any CPU.Build.0 = Release|Any CPU
		{F07F7089-F469-46AC-88D0-615C0A04F5EC}.Release|x64.ActiveCfg = Release|Any CPU
		{F07F7089-F469-46AC-88D0-615C0A04F5EC}.Release|x64.Build.0 = Release|Any CPU
		{F07F7089-F469-46AC-88D0-615C0A04F5EC}.Release|x86.ActiveCfg = Release|Any CPU
		{F07F7089-F469-46AC-88D0-615C0A04F5EC}.Release|x86.Build.0 = Release|Any CPU
		{EEEC9176-862E-4374-887B-B411DF01755E}.Debug|Any CPU.ActiveCfg = Debug|Any CPU
		{EEEC9176-862E-4374-887B-B411DF01755E}.Debug|Any CPU.Build.0 = Debug|Any CPU
		{EEEC9176-862E-4374-887B-B411DF01755E}.Debug|x64.ActiveCfg = Debug|Any CPU
		{EEEC9176-862E-4374-887B-B411DF01755E}.Debug|x64.Build.0 = Debug|Any CPU
		{EEEC9176-862E-4374-887B-B411DF01755E}.Debug|x86.ActiveCfg = Debug|Any CPU
		{EEEC9176-862E-4374-887B-B411DF01755E}.Debug|x86.Build.0 = Debug|Any CPU
		{EEEC9176-862E-4374-887B-B411DF01755E}.Release|Any CPU.ActiveCfg = Release|Any CPU
		{EEEC9176-862E-4374-887B-B411DF01755E}.Release|Any CPU.Build.0 = Release|Any CPU
		{EEEC9176-862E-4374-887B-B411DF01755E}.Release|x64.ActiveCfg = Release|Any CPU
		{EEEC9176-862E-4374-887B-B411DF01755E}.Release|x64.Build.0 = Release|Any CPU
		{EEEC9176-862E-4374-887B-B411DF01755E}.Release|x86.ActiveCfg = Release|Any CPU
		{EEEC9176-862E-4374-887B-B411DF01755E}.Release|x86.Build.0 = Release|Any CPU
		{5D3E5111-FF9D-4A15-9781-E9507C34E893}.Debug|Any CPU.ActiveCfg = Debug|Any CPU
		{5D3E5111-FF9D-4A15-9781-E9507C34E893}.Debug|Any CPU.Build.0 = Debug|Any CPU
		{5D3E5111-FF9D-4A15-9781-E9507C34E893}.Debug|x64.ActiveCfg = Debug|Any CPU
		{5D3E5111-FF9D-4A15-9781-E9507C34E893}.Debug|x64.Build.0 = Debug|Any CPU
		{5D3E5111-FF9D-4A15-9781-E9507C34E893}.Debug|x86.ActiveCfg = Debug|Any CPU
		{5D3E5111-FF9D-4A15-9781-E9507C34E893}.Debug|x86.Build.0 = Debug|Any CPU
		{5D3E5111-FF9D-4A15-9781-E9507C34E893}.Release|Any CPU.ActiveCfg = Release|Any CPU
		{5D3E5111-FF9D-4A15-9781-E9507C34E893}.Release|Any CPU.Build.0 = Release|Any CPU
		{5D3E5111-FF9D-4A15-9781-E9507C34E893}.Release|x64.ActiveCfg = Release|Any CPU
		{5D3E5111-FF9D-4A15-9781-E9507C34E893}.Release|x64.Build.0 = Release|Any CPU
		{5D3E5111-FF9D-4A15-9781-E9507C34E893}.Release|x86.ActiveCfg = Release|Any CPU
		{5D3E5111-FF9D-4A15-9781-E9507C34E893}.Release|x86.Build.0 = Release|Any CPU
		{3D326A3D-7E79-4D6B-83AA-B416EBA51168}.Debug|Any CPU.ActiveCfg = Debug|Any CPU
		{3D326A3D-7E79-4D6B-83AA-B416EBA51168}.Debug|Any CPU.Build.0 = Debug|Any CPU
		{3D326A3D-7E79-4D6B-83AA-B416EBA51168}.Debug|x64.ActiveCfg = Debug|Any CPU
		{3D326A3D-7E79-4D6B-83AA-B416EBA51168}.Debug|x64.Build.0 = Debug|Any CPU
		{3D326A3D-7E79-4D6B-83AA-B416EBA51168}.Debug|x86.ActiveCfg = Debug|Any CPU
		{3D326A3D-7E79-4D6B-83AA-B416EBA51168}.Debug|x86.Build.0 = Debug|Any CPU
		{3D326A3D-7E79-4D6B-83AA-B416EBA51168}.Release|Any CPU.ActiveCfg = Release|Any CPU
		{3D326A3D-7E79-4D6B-83AA-B416EBA51168}.Release|Any CPU.Build.0 = Release|Any CPU
		{3D326A3D-7E79-4D6B-83AA-B416EBA51168}.Release|x64.ActiveCfg = Release|Any CPU
		{3D326A3D-7E79-4D6B-83AA-B416EBA51168}.Release|x64.Build.0 = Release|Any CPU
		{3D326A3D-7E79-4D6B-83AA-B416EBA51168}.Release|x86.ActiveCfg = Release|Any CPU
		{3D326A3D-7E79-4D6B-83AA-B416EBA51168}.Release|x86.Build.0 = Release|Any CPU
		{747860F4-B69B-4B40-BFB9-8F8F2EDC67D7}.Debug|Any CPU.ActiveCfg = Debug|Any CPU
		{747860F4-B69B-4B40-BFB9-8F8F2EDC67D7}.Debug|Any CPU.Build.0 = Debug|Any CPU
		{747860F4-B69B-4B40-BFB9-8F8F2EDC67D7}.Debug|x64.ActiveCfg = Debug|Any CPU
		{747860F4-B69B-4B40-BFB9-8F8F2EDC67D7}.Debug|x64.Build.0 = Debug|Any CPU
		{747860F4-B69B-4B40-BFB9-8F8F2EDC67D7}.Debug|x86.ActiveCfg = Debug|Any CPU
		{747860F4-B69B-4B40-BFB9-8F8F2EDC67D7}.Debug|x86.Build.0 = Debug|Any CPU
		{747860F4-B69B-4B40-BFB9-8F8F2EDC67D7}.Release|Any CPU.ActiveCfg = Release|Any CPU
		{747860F4-B69B-4B40-BFB9-8F8F2EDC67D7}.Release|Any CPU.Build.0 = Release|Any CPU
		{747860F4-B69B-4B40-BFB9-8F8F2EDC67D7}.Release|x64.ActiveCfg = Release|Any CPU
		{747860F4-B69B-4B40-BFB9-8F8F2EDC67D7}.Release|x64.Build.0 = Release|Any CPU
		{747860F4-B69B-4B40-BFB9-8F8F2EDC67D7}.Release|x86.ActiveCfg = Release|Any CPU
		{747860F4-B69B-4B40-BFB9-8F8F2EDC67D7}.Release|x86.Build.0 = Release|Any CPU
		{32BD64E0-CF96-4807-AC6C-617FB123EE3D}.Debug|Any CPU.ActiveCfg = Debug|Any CPU
		{32BD64E0-CF96-4807-AC6C-617FB123EE3D}.Debug|Any CPU.Build.0 = Debug|Any CPU
		{32BD64E0-CF96-4807-AC6C-617FB123EE3D}.Debug|x64.ActiveCfg = Debug|Any CPU
		{32BD64E0-CF96-4807-AC6C-617FB123EE3D}.Debug|x64.Build.0 = Debug|Any CPU
		{32BD64E0-CF96-4807-AC6C-617FB123EE3D}.Debug|x86.ActiveCfg = Debug|Any CPU
		{32BD64E0-CF96-4807-AC6C-617FB123EE3D}.Debug|x86.Build.0 = Debug|Any CPU
		{32BD64E0-CF96-4807-AC6C-617FB123EE3D}.Release|Any CPU.ActiveCfg = Release|Any CPU
		{32BD64E0-CF96-4807-AC6C-617FB123EE3D}.Release|Any CPU.Build.0 = Release|Any CPU
		{32BD64E0-CF96-4807-AC6C-617FB123EE3D}.Release|x64.ActiveCfg = Release|Any CPU
		{32BD64E0-CF96-4807-AC6C-617FB123EE3D}.Release|x64.Build.0 = Release|Any CPU
		{32BD64E0-CF96-4807-AC6C-617FB123EE3D}.Release|x86.ActiveCfg = Release|Any CPU
		{32BD64E0-CF96-4807-AC6C-617FB123EE3D}.Release|x86.Build.0 = Release|Any CPU
		{95708237-1B99-464E-A78C-B047419CF504}.Debug|Any CPU.ActiveCfg = Debug|Any CPU
		{95708237-1B99-464E-A78C-B047419CF504}.Debug|Any CPU.Build.0 = Debug|Any CPU
		{95708237-1B99-464E-A78C-B047419CF504}.Debug|x64.ActiveCfg = Debug|Any CPU
		{95708237-1B99-464E-A78C-B047419CF504}.Debug|x64.Build.0 = Debug|Any CPU
		{95708237-1B99-464E-A78C-B047419CF504}.Debug|x86.ActiveCfg = Debug|Any CPU
		{95708237-1B99-464E-A78C-B047419CF504}.Debug|x86.Build.0 = Debug|Any CPU
		{95708237-1B99-464E-A78C-B047419CF504}.Release|Any CPU.ActiveCfg = Release|Any CPU
		{95708237-1B99-464E-A78C-B047419CF504}.Release|Any CPU.Build.0 = Release|Any CPU
		{95708237-1B99-464E-A78C-B047419CF504}.Release|x64.ActiveCfg = Release|Any CPU
		{95708237-1B99-464E-A78C-B047419CF504}.Release|x64.Build.0 = Release|Any CPU
		{95708237-1B99-464E-A78C-B047419CF504}.Release|x86.ActiveCfg = Release|Any CPU
		{95708237-1B99-464E-A78C-B047419CF504}.Release|x86.Build.0 = Release|Any CPU
	EndGlobalSection
	GlobalSection(SolutionProperties) = preSolution
		HideSolutionNode = FALSE
	EndGlobalSection
	GlobalSection(ExtensibilityGlobals) = postSolution
		SolutionGuid = {8A14D52D-81F2-4EDC-AD90-A9EF0708EE10}
	EndGlobalSection
EndGlobal
